Microsoft Visual Studio Solution File, Format Version 12.00
# Visual Studio 2012
Project("{FAE04EC0-301F-11D3-BF4B-00C04F79EFBC}") = "Search.Api", "Search.Api.csproj", "{ED638DD5-E755-4B7A-940D-5C94AB425686}"
EndProject
Project("{FAE04EC0-301F-11D3-BF4B-00C04F79EFBC}") = "Deq.Search.Soe", "..\Deq.Search.Soe\Deq.Search.Soe.csproj", "{D2B1FB4E-D100-43DA-917D-A912FF9DFFFA}"
EndProject
Project("{FAE04EC0-301F-11D3-BF4B-00C04F79EFBC}") = "Deq.Search.Soe.Tests", "..\Deq.Search.Soe.Tests\Deq.Search.Soe.Tests.csproj", "{6F375CF5-55D5-4BD0-B711-857FBBAF66EF}"
EndProject
Project("{FAE04EC0-301F-11D3-BF4B-00C04F79EFBC}") = "Containers", "..\Containers\Containers.csproj", "{C0D9871E-B3A2-4F52-983C-0C5CDAD42836}"
EndProject
Project("{FAE04EC0-301F-11D3-BF4B-00C04F79EFBC}") = "EsriJson.Net", "..\EsriJson\EsriJson.Net\EsriJson.Net.csproj", "{90EB4E2E-BE29-4FE5-A2AA-6BCC4ACBA146}"
EndProject
Project("{FAE04EC0-301F-11D3-BF4B-00C04F79EFBC}") = "Search.Api.Tests", "..\Search.Api.Tests\Search.Api.Tests.csproj", "{2C27BD15-9614-4498-B472-872C2533CFE1}"
EndProject
Global
	GlobalSection(SolutionConfigurationPlatforms) = preSolution
		Debug|Any CPU = Debug|Any CPU
		Release|Any CPU = Release|Any CPU
		Stage|Any CPU = Stage|Any CPU
	EndGlobalSection
	GlobalSection(ProjectConfigurationPlatforms) = postSolution
		{ED638DD5-E755-4B7A-940D-5C94AB425686}.Debug|Any CPU.ActiveCfg = Debug|Any CPU
		{ED638DD5-E755-4B7A-940D-5C94AB425686}.Debug|Any CPU.Build.0 = Debug|Any CPU
		{ED638DD5-E755-4B7A-940D-5C94AB425686}.Release|Any CPU.ActiveCfg = Release|Any CPU
		{ED638DD5-E755-4B7A-940D-5C94AB425686}.Release|Any CPU.Build.0 = Release|Any CPU
		{ED638DD5-E755-4B7A-940D-5C94AB425686}.Stage|Any CPU.ActiveCfg = Release|Any CPU
		{ED638DD5-E755-4B7A-940D-5C94AB425686}.Stage|Any CPU.Build.0 = Release|Any CPU
		{D2B1FB4E-D100-43DA-917D-A912FF9DFFFA}.Debug|Any CPU.ActiveCfg = Debug|Any CPU
		{D2B1FB4E-D100-43DA-917D-A912FF9DFFFA}.Debug|Any CPU.Build.0 = Debug|Any CPU
		{D2B1FB4E-D100-43DA-917D-A912FF9DFFFA}.Release|Any CPU.ActiveCfg = Release|Any CPU
		{D2B1FB4E-D100-43DA-917D-A912FF9DFFFA}.Release|Any CPU.Build.0 = Release|Any CPU
		{D2B1FB4E-D100-43DA-917D-A912FF9DFFFA}.Stage|Any CPU.ActiveCfg = Release|Any CPU
		{D2B1FB4E-D100-43DA-917D-A912FF9DFFFA}.Stage|Any CPU.Build.0 = Release|Any CPU
		{6F375CF5-55D5-4BD0-B711-857FBBAF66EF}.Debug|Any CPU.ActiveCfg = Debug|Any CPU
		{6F375CF5-55D5-4BD0-B711-857FBBAF66EF}.Debug|Any CPU.Build.0 = Debug|Any CPU
		{6F375CF5-55D5-4BD0-B711-857FBBAF66EF}.Release|Any CPU.ActiveCfg = Release|Any CPU
		{6F375CF5-55D5-4BD0-B711-857FBBAF66EF}.Release|Any CPU.Build.0 = Release|Any CPU
		{6F375CF5-55D5-4BD0-B711-857FBBAF66EF}.Stage|Any CPU.ActiveCfg = Release|Any CPU
		{6F375CF5-55D5-4BD0-B711-857FBBAF66EF}.Stage|Any CPU.Build.0 = Release|Any CPU
		{C0D9871E-B3A2-4F52-983C-0C5CDAD42836}.Debug|Any CPU.ActiveCfg = Debug|Any CPU
		{C0D9871E-B3A2-4F52-983C-0C5CDAD42836}.Debug|Any CPU.Build.0 = Debug|Any CPU
		{C0D9871E-B3A2-4F52-983C-0C5CDAD42836}.Release|Any CPU.ActiveCfg = Release|Any CPU
		{C0D9871E-B3A2-4F52-983C-0C5CDAD42836}.Release|Any CPU.Build.0 = Release|Any CPU
		{C0D9871E-B3A2-4F52-983C-0C5CDAD42836}.Stage|Any CPU.ActiveCfg = Release|Any CPU
		{C0D9871E-B3A2-4F52-983C-0C5CDAD42836}.Stage|Any CPU.Build.0 = Release|Any CPU
		{90EB4E2E-BE29-4FE5-A2AA-6BCC4ACBA146}.Debug|Any CPU.ActiveCfg = Debug|Any CPU
		{90EB4E2E-BE29-4FE5-A2AA-6BCC4ACBA146}.Debug|Any CPU.Build.0 = Debug|Any CPU
		{90EB4E2E-BE29-4FE5-A2AA-6BCC4ACBA146}.Release|Any CPU.ActiveCfg = Release|Any CPU
		{90EB4E2E-BE29-4FE5-A2AA-6BCC4ACBA146}.Release|Any CPU.Build.0 = Release|Any CPU
		{90EB4E2E-BE29-4FE5-A2AA-6BCC4ACBA146}.Stage|Any CPU.ActiveCfg = Release|Any CPU
		{90EB4E2E-BE29-4FE5-A2AA-6BCC4ACBA146}.Stage|Any CPU.Build.0 = Release|Any CPU
		{2C27BD15-9614-4498-B472-872C2533CFE1}.Debug|Any CPU.ActiveCfg = Debug|Any CPU
		{2C27BD15-9614-4498-B472-872C2533CFE1}.Debug|Any CPU.Build.0 = Debug|Any CPU
		{2C27BD15-9614-4498-B472-872C2533CFE1}.Release|Any CPU.ActiveCfg = Release|Any CPU
		{2C27BD15-9614-4498-B472-872C2533CFE1}.Release|Any CPU.Build.0 = Release|Any CPU
		{2C27BD15-9614-4498-B472-872C2533CFE1}.Stage|Any CPU.ActiveCfg = Release|Any CPU
		{2C27BD15-9614-4498-B472-872C2533CFE1}.Stage|Any CPU.Build.0 = Release|Any CPU
	EndGlobalSection
	GlobalSection(SolutionProperties) = preSolution
		HideSolutionNode = FALSE
	EndGlobalSection
	GlobalSection(ExtensibilityGlobals) = postSolution
		BuildVersion_AssemblyInfoFilename = Properties\AssemblyInfo.cs
		BuildVersion_IncrementBeforeBuild = True
		BuildVersion_BuildAction = Build
		BuildVersion_BuildVersioningStyle = None.None.Increment.MonthAndDayStamp
	EndGlobalSection
EndGlobal
